
Microsoft Visual Studio Solution File, Format Version 12.00
# Visual Studio Version 17
VisualStudioVersion = 17.7.34202.233
MinimumVisualStudioVersion = 10.0.40219.1
Project("{FAE04EC0-301F-11D3-BF4B-00C04F79EFBC}") = "Console_3D_Sharp", "Console_3D_Sharp\Console_3D_Sharp.csproj", "{9C1B3EE9-92B5-4130-8FEA-7D5699308DB0}"
EndProject
Project("{FAE04EC0-301F-11D3-BF4B-00C04F79EFBC}") = "PNGToSpriteEditor", "PNGToSpriteEditor\PNGToSpriteEditor.csproj", "{170C495B-4CBF-4ED6-898E-AB058AFDE254}"
EndProject
Project("{FAE04EC0-301F-11D3-BF4B-00C04F79EFBC}") = "ConsoleGameEngine", "ConsoleGameEngine\ConsoleGameEngine.csproj", "{A46B137E-5888-4592-84E5-4014EEAF3334}"
EndProject
Project("{FAE04EC0-301F-11D3-BF4B-00C04F79EFBC}") = "CGE_Animation", "CGE_Animation\CGE_Animation.csproj", "{D207F1D6-845C-4947-AD3D-AADCFF1824B9}"
EndProject
Project("{FAE04EC0-301F-11D3-BF4B-00C04F79EFBC}") = "CGE_Mode7", "CGE_Mode7\CGE_Mode7.csproj", "{284B5BED-1F26-410F-9A97-07966141B908}"
EndProject
Project("{FAE04EC0-301F-11D3-BF4B-00C04F79EFBC}") = "CGE_GameObject", "CGE_GameObject\CGE_GameObject.csproj", "{F18B45B2-B8F5-4C49-BAC8-02711453F07D}"
EndProject
Project("{FAE04EC0-301F-11D3-BF4B-00C04F79EFBC}") = "CGE_MouseControll", "CGE_MouseControll\CGE_MouseControll.csproj", "{A5361FB4-5214-4E71-8AE6-490456CAA972}"
EndProject
Global
	GlobalSection(SolutionConfigurationPlatforms) = preSolution
		Debug|Any CPU = Debug|Any CPU
		Debug|x64 = Debug|x64
		Debug|x86 = Debug|x86
		Release|Any CPU = Release|Any CPU
		Release|x64 = Release|x64
		Release|x86 = Release|x86
	EndGlobalSection
	GlobalSection(ProjectConfigurationPlatforms) = postSolution
		{9C1B3EE9-92B5-4130-8FEA-7D5699308DB0}.Debug|Any CPU.ActiveCfg = Debug|Any CPU
		{9C1B3EE9-92B5-4130-8FEA-7D5699308DB0}.Debug|Any CPU.Build.0 = Debug|Any CPU
		{9C1B3EE9-92B5-4130-8FEA-7D5699308DB0}.Debug|x64.ActiveCfg = Debug|Any CPU
		{9C1B3EE9-92B5-4130-8FEA-7D5699308DB0}.Debug|x64.Build.0 = Debug|Any CPU
		{9C1B3EE9-92B5-4130-8FEA-7D5699308DB0}.Debug|x86.ActiveCfg = Debug|Any CPU
		{9C1B3EE9-92B5-4130-8FEA-7D5699308DB0}.Debug|x86.Build.0 = Debug|Any CPU
		{9C1B3EE9-92B5-4130-8FEA-7D5699308DB0}.Release|Any CPU.ActiveCfg = Release|Any CPU
		{9C1B3EE9-92B5-4130-8FEA-7D5699308DB0}.Release|Any CPU.Build.0 = Release|Any CPU
		{9C1B3EE9-92B5-4130-8FEA-7D5699308DB0}.Release|x64.ActiveCfg = Release|Any CPU
		{9C1B3EE9-92B5-4130-8FEA-7D5699308DB0}.Release|x64.Build.0 = Release|Any CPU
		{9C1B3EE9-92B5-4130-8FEA-7D5699308DB0}.Release|x86.ActiveCfg = Release|Any CPU
		{9C1B3EE9-92B5-4130-8FEA-7D5699308DB0}.Release|x86.Build.0 = Release|Any CPU
		{170C495B-4CBF-4ED6-898E-AB058AFDE254}.Debug|Any CPU.ActiveCfg = Debug|Any CPU
		{170C495B-4CBF-4ED6-898E-AB058AFDE254}.Debug|Any CPU.Build.0 = Debug|Any CPU
		{170C495B-4CBF-4ED6-898E-AB058AFDE254}.Debug|x64.ActiveCfg = Debug|Any CPU
		{170C495B-4CBF-4ED6-898E-AB058AFDE254}.Debug|x64.Build.0 = Debug|Any CPU
		{170C495B-4CBF-4ED6-898E-AB058AFDE254}.Debug|x86.ActiveCfg = Debug|Any CPU
		{170C495B-4CBF-4ED6-898E-AB058AFDE254}.Debug|x86.Build.0 = Debug|Any CPU
		{170C495B-4CBF-4ED6-898E-AB058AFDE254}.Release|Any CPU.ActiveCfg = Release|Any CPU
		{170C495B-4CBF-4ED6-898E-AB058AFDE254}.Release|Any CPU.Build.0 = Release|Any CPU
		{170C495B-4CBF-4ED6-898E-AB058AFDE254}.Release|x64.ActiveCfg = Release|Any CPU
		{170C495B-4CBF-4ED6-898E-AB058AFDE254}.Release|x64.Build.0 = Release|Any CPU
		{170C495B-4CBF-4ED6-898E-AB058AFDE254}.Release|x86.ActiveCfg = Release|Any CPU
		{170C495B-4CBF-4ED6-898E-AB058AFDE254}.Release|x86.Build.0 = Release|Any CPU
		{A46B137E-5888-4592-84E5-4014EEAF3334}.Debug|Any CPU.ActiveCfg = Debug|Any CPU
		{A46B137E-5888-4592-84E5-4014EEAF3334}.Debug|Any CPU.Build.0 = Debug|Any CPU
		{A46B137E-5888-4592-84E5-4014EEAF3334}.Debug|x64.ActiveCfg = Debug|Any CPU
		{A46B137E-5888-4592-84E5-4014EEAF3334}.Debug|x64.Build.0 = Debug|Any CPU
		{A46B137E-5888-4592-84E5-4014EEAF3334}.Debug|x86.ActiveCfg = Debug|Any CPU
		{A46B137E-5888-4592-84E5-4014EEAF3334}.Debug|x86.Build.0 = Debug|Any CPU
		{A46B137E-5888-4592-84E5-4014EEAF3334}.Release|Any CPU.ActiveCfg = Release|Any CPU
		{A46B137E-5888-4592-84E5-4014EEAF3334}.Release|Any CPU.Build.0 = Release|Any CPU
		{A46B137E-5888-4592-84E5-4014EEAF3334}.Release|x64.ActiveCfg = Release|Any CPU
		{A46B137E-5888-4592-84E5-4014EEAF3334}.Release|x64.Build.0 = Release|Any CPU
		{A46B137E-5888-4592-84E5-4014EEAF3334}.Release|x86.ActiveCfg = Release|Any CPU
		{A46B137E-5888-4592-84E5-4014EEAF3334}.Release|x86.Build.0 = Release|Any CPU
		{D207F1D6-845C-4947-AD3D-AADCFF1824B9}.Debug|Any CPU.ActiveCfg = Debug|Any CPU
		{D207F1D6-845C-4947-AD3D-AADCFF1824B9}.Debug|Any CPU.Build.0 = Debug|Any CPU
		{D207F1D6-845C-4947-AD3D-AADCFF1824B9}.Debug|x64.ActiveCfg = Debug|Any CPU
		{D207F1D6-845C-4947-AD3D-AADCFF1824B9}.Debug|x64.Build.0 = Debug|Any CPU
		{D207F1D6-845C-4947-AD3D-AADCFF1824B9}.Debug|x86.ActiveCfg = Debug|Any CPU
		{D207F1D6-845C-4947-AD3D-AADCFF1824B9}.Debug|x86.Build.0 = Debug|Any CPU
		{D207F1D6-845C-4947-AD3D-AADCFF1824B9}.Release|Any CPU.ActiveCfg = Release|Any CPU
		{D207F1D6-845C-4947-AD3D-AADCFF1824B9}.Release|Any CPU.Build.0 = Release|Any CPU
		{D207F1D6-845C-4947-AD3D-AADCFF1824B9}.Release|x64.ActiveCfg = Release|Any CPU
		{D207F1D6-845C-4947-AD3D-AADCFF1824B9}.Release|x64.Build.0 = Release|Any CPU
		{D207F1D6-845C-4947-AD3D-AADCFF1824B9}.Release|x86.ActiveCfg = Release|Any CPU
		{D207F1D6-845C-4947-AD3D-AADCFF1824B9}.Release|x86.Build.0 = Release|Any CPU
		{284B5BED-1F26-410F-9A97-07966141B908}.Debug|Any CPU.ActiveCfg = Debug|Any CPU
		{284B5BED-1F26-410F-9A97-07966141B908}.Debug|Any CPU.Build.0 = Debug|Any CPU
		{284B5BED-1F26-410F-9A97-07966141B908}.Debug|x64.ActiveCfg = Debug|Any CPU
		{284B5BED-1F26-410F-9A97-07966141B908}.Debug|x64.Build.0 = Debug|Any CPU
		{284B5BED-1F26-410F-9A97-07966141B908}.Debug|x86.ActiveCfg = Debug|Any CPU
		{284B5BED-1F26-410F-9A97-07966141B908}.Debug|x86.Build.0 = Debug|Any CPU
		{284B5BED-1F26-410F-9A97-07966141B908}.Release|Any CPU.ActiveCfg = Release|Any CPU
		{284B5BED-1F26-410F-9A97-07966141B908}.Release|Any CPU.Build.0 = Release|Any CPU
		{284B5BED-1F26-410F-9A97-07966141B908}.Release|x64.ActiveCfg = Release|Any CPU
		{284B5BED-1F26-410F-9A97-07966141B908}.Release|x64.Build.0 = Release|Any CPU
		{284B5BED-1F26-410F-9A97-07966141B908}.Release|x86.ActiveCfg = Release|Any CPU
		{284B5BED-1F26-410F-9A97-07966141B908}.Release|x86.Build.0 = Release|Any CPU
		{F18B45B2-B8F5-4C49-BAC8-02711453F07D}.Debug|Any CPU.ActiveCfg = Debug|Any CPU
		{F18B45B2-B8F5-4C49-BAC8-02711453F07D}.Debug|Any CPU.Build.0 = Debug|Any CPU
		{F18B45B2-B8F5-4C49-BAC8-02711453F07D}.Debug|x64.ActiveCfg = Debug|Any CPU
		{F18B45B2-B8F5-4C49-BAC8-02711453F07D}.Debug|x64.Build.0 = Debug|Any CPU
		{F18B45B2-B8F5-4C49-BAC8-02711453F07D}.Debug|x86.ActiveCfg = Debug|Any CPU
		{F18B45B2-B8F5-4C49-BAC8-02711453F07D}.Debug|x86.Build.0 = Debug|Any CPU
		{F18B45B2-B8F5-4C49-BAC8-02711453F07D}.Release|Any CPU.ActiveCfg = Release|Any CPU
		{F18B45B2-B8F5-4C49-BAC8-02711453F07D}.Release|Any CPU.Build.0 = Release|Any CPU
		{F18B45B2-B8F5-4C49-BAC8-02711453F07D}.Release|x64.ActiveCfg = Release|Any CPU
		{F18B45B2-B8F5-4C49-BAC8-02711453F07D}.Release|x64.Build.0 = Release|Any CPU
		{F18B45B2-B8F5-4C49-BAC8-02711453F07D}.Release|x86.ActiveCfg = Release|Any CPU
		{F18B45B2-B8F5-4C49-BAC8-02711453F07D}.Release|x86.Build.0 = Release|Any CPU
		{A5361FB4-5214-4E71-8AE6-490456CAA972}.Debug|Any CPU.ActiveCfg = Debug|Any CPU
		{A5361FB4-5214-4E71-8AE6-490456CAA972}.Debug|Any CPU.Build.0 = Debug|Any CPU
		{A5361FB4-5214-4E71-8AE6-490456CAA972}.Debug|x64.ActiveCfg = Debug|Any CPU
		{A5361FB4-5214-4E71-8AE6-490456CAA972}.Debug|x64.Build.0 = Debug|Any CPU
		{A5361FB4-5214-4E71-8AE6-490456CAA972}.Debug|x86.ActiveCfg = Debug|Any CPU
		{A5361FB4-5214-4E71-8AE6-490456CAA972}.Debug|x86.Build.0 = Debug|Any CPU
		{A5361FB4-5214-4E71-8AE6-490456CAA972}.Release|Any CPU.ActiveCfg = Release|Any CPU
		{A5361FB4-5214-4E71-8AE6-490456CAA972}.Release|Any CPU.Build.0 = Release|Any CPU
		{A5361FB4-5214-4E71-8AE6-490456CAA972}.Release|x64.ActiveCfg = Release|Any CPU
		{A5361FB4-5214-4E71-8AE6-490456CAA972}.Release|x64.Build.0 = Release|Any CPU
		{A5361FB4-5214-4E71-8AE6-490456CAA972}.Release|x86.ActiveCfg = Release|Any CPU
		{A5361FB4-5214-4E71-8AE6-490456CAA972}.Release|x86.Build.0 = Release|Any CPU
	EndGlobalSection
	GlobalSection(SolutionProperties) = preSolution
		HideSolutionNode = FALSE
	EndGlobalSection
	GlobalSection(ExtensibilityGlobals) = postSolution
		SolutionGuid = {242E1021-CED0-4464-B525-926B93F43B8F}
	EndGlobalSection
EndGlobal
