
Microsoft Visual Studio Solution File, Format Version 12.00
# Visual Studio Version 17
VisualStudioVersion = 17.5.002.0
MinimumVisualStudioVersion = 10.0.40219.1
Project("{9A19103F-16F7-4668-BE54-9A1E7A4F7556}") = "SpriteEditor", "SpriteEditor.csproj", "{151FE9B3-7F3B-41ED-91FB-AC5A56F3BEF4}"
EndProject
Global
	GlobalSection(SolutionConfigurationPlatforms) = preSolution
		Debug|Any CPU = Debug|Any CPU
		Release|Any CPU = Release|Any CPU
	EndGlobalSection
	GlobalSection(ProjectConfigurationPlatforms) = postSolution
		{151FE9B3-7F3B-41ED-91FB-AC5A56F3BEF4}.Debug|Any CPU.ActiveCfg = Debug|Any CPU
		{151FE9B3-7F3B-41ED-91FB-AC5A56F3BEF4}.Debug|Any CPU.Build.0 = Debug|Any CPU
		{151FE9B3-7F3B-41ED-91FB-AC5A56F3BEF4}.Release|Any CPU.ActiveCfg = Release|Any CPU
		{151FE9B3-7F3B-41ED-91FB-AC5A56F3BEF4}.Release|Any CPU.Build.0 = Release|Any CPU
	EndGlobalSection
	GlobalSection(SolutionProperties) = preSolution
		HideSolutionNode = FALSE
	EndGlobalSection
	GlobalSection(ExtensibilityGlobals) = postSolution
		SolutionGuid = {72DE0959-D32B-4726-B89F-CEA48C7558C4}
	EndGlobalSection
EndGlobal
